
Microsoft Visual Studio Solution File, Format Version 12.00
# Visual Studio Version 17
VisualStudioVersion = 17.7.34024.191
MinimumVisualStudioVersion = 10.0.40219.1
Project("{8BC9CEB8-8B4A-11D0-8D11-00A0C91BC942}") = "Relay", "Relay.vcxproj", "{20320267-D989-4209-BCBC-BDFB66BB7FB5}"
EndProject
Global
	GlobalSection(SolutionConfigurationPlatforms) = preSolution
		Debug|ARM = Debug|ARM
		Debug|ARM64 = Debug|ARM64
		Debug|x64 = Debug|x64
		Debug|x86 = Debug|x86
		DLL-Import Debug|ARM = DLL-Import Debug|ARM
		DLL-Import Debug|ARM64 = DLL-Import Debug|ARM64
		DLL-Import Debug|x64 = DLL-Import Debug|x64
		DLL-Import Debug|x86 = DLL-Import Debug|x86
		DLL-Import Release|ARM = DLL-Import Release|ARM
		DLL-Import Release|ARM64 = DLL-Import Release|ARM64
		DLL-Import Release|x64 = DLL-Import Release|x64
		DLL-Import Release|x86 = DLL-Import Release|x86
		Release|ARM = Release|ARM
		Release|ARM64 = Release|ARM64
		Release|x64 = Release|x64
		Release|x86 = Release|x86
	EndGlobalSection
	GlobalSection(ProjectConfigurationPlatforms) = postSolution
		{20320267-D989-4209-BCBC-BDFB66BB7FB5}.Debug|ARM.ActiveCfg = Debug|x64
		{20320267-D989-4209-BCBC-BDFB66BB7FB5}.Debug|ARM.Build.0 = Debug|x64
		{20320267-D989-4209-BCBC-BDFB66BB7FB5}.Debug|ARM64.ActiveCfg = Debug|x64
		{20320267-D989-4209-BCBC-BDFB66BB7FB5}.Debug|ARM64.Build.0 = Debug|x64
		{20320267-D989-4209-BCBC-BDFB66BB7FB5}.Debug|x64.ActiveCfg = Debug|x64
		{20320267-D989-4209-BCBC-BDFB66BB7FB5}.Debug|x64.Build.0 = Debug|x64
		{20320267-D989-4209-BCBC-BDFB66BB7FB5}.Debug|x86.ActiveCfg = Debug|Win32
		{20320267-D989-4209-BCBC-BDFB66BB7FB5}.Debug|x86.Build.0 = Debug|Win32
		{20320267-D989-4209-BCBC-BDFB66BB7FB5}.DLL-Import Debug|ARM.ActiveCfg = Debug|x64
		{20320267-D989-4209-BCBC-BDFB66BB7FB5}.DLL-Import Debug|ARM.Build.0 = Debug|x64
		{20320267-D989-4209-BCBC-BDFB66BB7FB5}.DLL-Import Debug|ARM64.ActiveCfg = Debug|x64
		{20320267-D989-4209-BCBC-BDFB66BB7FB5}.DLL-Import Debug|ARM64.Build.0 = Debug|x64
		{20320267-D989-4209-BCBC-BDFB66BB7FB5}.DLL-Import Debug|x64.ActiveCfg = Debug|x64
		{20320267-D989-4209-BCBC-BDFB66BB7FB5}.DLL-Import Debug|x64.Build.0 = Debug|x64
		{20320267-D989-4209-BCBC-BDFB66BB7FB5}.DLL-Import Debug|x86.ActiveCfg = Debug|Win32
		{20320267-D989-4209-BCBC-BDFB66BB7FB5}.DLL-Import Debug|x86.Build.0 = Debug|Win32
		{20320267-D989-4209-BCBC-BDFB66BB7FB5}.DLL-Import Release|ARM.ActiveCfg = Release|x64
		{20320267-D989-4209-BCBC-BDFB66BB7FB5}.DLL-Import Release|ARM.Build.0 = Release|x64
		{20320267-D989-4209-BCBC-BDFB66BB7FB5}.DLL-Import Release|ARM64.ActiveCfg = Release|x64
		{20320267-D989-4209-BCBC-BDFB66BB7FB5}.DLL-Import Release|ARM64.Build.0 = Release|x64
		{20320267-D989-4209-BCBC-BDFB66BB7FB5}.DLL-Import Release|x64.ActiveCfg = Release|x64
		{20320267-D989-4209-BCBC-BDFB66BB7FB5}.DLL-Import Release|x64.Build.0 = Release|x64
		{20320267-D989-4209-BCBC-BDFB66BB7FB5}.DLL-Import Release|x86.ActiveCfg = Release|Win32
		{20320267-D989-4209-BCBC-BDFB66BB7FB5}.DLL-Import Release|x86.Build.0 = Release|Win32
		{20320267-D989-4209-BCBC-BDFB66BB7FB5}.Release|ARM.ActiveCfg = Release|x64
		{20320267-D989-4209-BCBC-BDFB66BB7FB5}.Release|ARM.Build.0 = Release|x64
		{20320267-D989-4209-BCBC-BDFB66BB7FB5}.Release|ARM64.ActiveCfg = Release|x64
		{20320267-D989-4209-BCBC-BDFB66BB7FB5}.Release|ARM64.Build.0 = Release|x64
		{20320267-D989-4209-BCBC-BDFB66BB7FB5}.Release|x64.ActiveCfg = Release|x64
		{20320267-D989-4209-BCBC-BDFB66BB7FB5}.Release|x64.Build.0 = Release|x64
		{20320267-D989-4209-BCBC-BDFB66BB7FB5}.Release|x86.ActiveCfg = Release|Win32
		{20320267-D989-4209-BCBC-BDFB66BB7FB5}.Release|x86.Build.0 = Release|Win32
		{963D9A7E-E54D-4094-8384-8477D28CD65A}.Debug|ARM.ActiveCfg = Debug|ARM
		{963D9A7E-E54D-4094-8384-8477D28CD65A}.Debug|ARM.Build.0 = Debug|ARM
		{963D9A7E-E54D-4094-8384-8477D28CD65A}.Debug|ARM.Deploy.0 = Debug|ARM
		{963D9A7E-E54D-4094-8384-8477D28CD65A}.Debug|ARM64.ActiveCfg = Debug|ARM64
		{963D9A7E-E54D-4094-8384-8477D28CD65A}.Debug|ARM64.Build.0 = Debug|ARM64
		{963D9A7E-E54D-4094-8384-8477D28CD65A}.Debug|ARM64.Deploy.0 = Debug|ARM64
		{963D9A7E-E54D-4094-8384-8477D28CD65A}.Debug|x64.ActiveCfg = Debug|x64
		{963D9A7E-E54D-4094-8384-8477D28CD65A}.Debug|x64.Build.0 = Debug|x64
		{963D9A7E-E54D-4094-8384-8477D28CD65A}.Debug|x64.Deploy.0 = Debug|x64
		{963D9A7E-E54D-4094-8384-8477D28CD65A}.Debug|x86.ActiveCfg = Debug|x86
		{963D9A7E-E54D-4094-8384-8477D28CD65A}.Debug|x86.Build.0 = Debug|x86
		{963D9A7E-E54D-4094-8384-8477D28CD65A}.Debug|x86.Deploy.0 = Debug|x86
		{963D9A7E-E54D-4094-8384-8477D28CD65A}.DLL-Import Debug|ARM.ActiveCfg = Debug|ARM
		{963D9A7E-E54D-4094-8384-8477D28CD65A}.DLL-Import Debug|ARM.Build.0 = Debug|ARM
		{963D9A7E-E54D-4094-8384-8477D28CD65A}.DLL-Import Debug|ARM.Deploy.0 = Debug|ARM
		{963D9A7E-E54D-4094-8384-8477D28CD65A}.DLL-Import Debug|ARM64.ActiveCfg = Debug|ARM64
		{963D9A7E-E54D-4094-8384-8477D28CD65A}.DLL-Import Debug|ARM64.Build.0 = Debug|ARM64
		{963D9A7E-E54D-4094-8384-8477D28CD65A}.DLL-Import Debug|ARM64.Deploy.0 = Debug|ARM64
		{963D9A7E-E54D-4094-8384-8477D28CD65A}.DLL-Import Debug|x64.ActiveCfg = Debug|x64
		{963D9A7E-E54D-4094-8384-8477D28CD65A}.DLL-Import Debug|x64.Build.0 = Debug|x64
		{963D9A7E-E54D-4094-8384-8477D28CD65A}.DLL-Import Debug|x64.Deploy.0 = Debug|x64
		{963D9A7E-E54D-4094-8384-8477D28CD65A}.DLL-Import Debug|x86.ActiveCfg = Debug|x86
		{963D9A7E-E54D-4094-8384-8477D28CD65A}.DLL-Import Debug|x86.Build.0 = Debug|x86
		{963D9A7E-E54D-4094-8384-8477D28CD65A}.DLL-Import Debug|x86.Deploy.0 = Debug|x86
		{963D9A7E-E54D-4094-8384-8477D28CD65A}.DLL-Import Release|ARM.ActiveCfg = Release|ARM
		{963D9A7E-E54D-4094-8384-8477D28CD65A}.DLL-Import Release|ARM.Build.0 = Release|ARM
		{963D9A7E-E54D-4094-8384-8477D28CD65A}.DLL-Import Release|ARM.Deploy.0 = Release|ARM
		{963D9A7E-E54D-4094-8384-8477D28CD65A}.DLL-Import Release|ARM64.ActiveCfg = Release|ARM64
		{963D9A7E-E54D-4094-8384-8477D28CD65A}.DLL-Import Release|ARM64.Build.0 = Release|ARM64
		{963D9A7E-E54D-4094-8384-8477D28CD65A}.DLL-Import Release|ARM64.Deploy.0 = Release|ARM64
		{963D9A7E-E54D-4094-8384-8477D28CD65A}.DLL-Import Release|x64.ActiveCfg = Release|x64
		{963D9A7E-E54D-4094-8384-8477D28CD65A}.DLL-Import Release|x64.Build.0 = Release|x64
		{963D9A7E-E54D-4094-8384-8477D28CD65A}.DLL-Import Release|x64.Deploy.0 = Release|x64
		{963D9A7E-E54D-4094-8384-8477D28CD65A}.DLL-Import Release|x86.ActiveCfg = Release|x86
		{963D9A7E-E54D-4094-8384-8477D28CD65A}.DLL-Import Release|x86.Build.0 = Release|x86
		{963D9A7E-E54D-4094-8384-8477D28CD65A}.DLL-Import Release|x86.Deploy.0 = Release|x86
		{963D9A7E-E54D-4094-8384-8477D28CD65A}.Release|ARM.ActiveCfg = Release|ARM
		{963D9A7E-E54D-4094-8384-8477D28CD65A}.Release|ARM.Build.0 = Release|ARM
		{963D9A7E-E54D-4094-8384-8477D28CD65A}.Release|ARM.Deploy.0 = Release|ARM
		{963D9A7E-E54D-4094-8384-8477D28CD65A}.Release|ARM64.ActiveCfg = Release|ARM64
		{963D9A7E-E54D-4094-8384-8477D28CD65A}.Release|ARM64.Build.0 = Release|ARM64
		{963D9A7E-E54D-4094-8384-8477D28CD65A}.Release|ARM64.Deploy.0 = Release|ARM64
		{963D9A7E-E54D-4094-8384-8477D28CD65A}.Release|x64.ActiveCfg = Release|x64
		{963D9A7E-E54D-4094-8384-8477D28CD65A}.Release|x64.Build.0 = Release|x64
		{963D9A7E-E54D-4094-8384-8477D28CD65A}.Release|x64.Deploy.0 = Release|x64
		{963D9A7E-E54D-4094-8384-8477D28CD65A}.Release|x86.ActiveCfg = Release|x86
		{963D9A7E-E54D-4094-8384-8477D28CD65A}.Release|x86.Build.0 = Release|x86
		{963D9A7E-E54D-4094-8384-8477D28CD65A}.Release|x86.Deploy.0 = Release|x86
	EndGlobalSection
	GlobalSection(SolutionProperties) = preSolution
		HideSolutionNode = FALSE
	EndGlobalSection
	GlobalSection(ExtensibilityGlobals) = postSolution
		SolutionGuid = {268FBDD9-EEF9-4A2B-BC48-092C720F3AF9}
	EndGlobalSection
EndGlobal
